// !$*UTF8*$!
{
	archiveVersion = 1;
	classes = {
	};
	objectVersion = 46;
	objects = {

/* Begin PBXBuildFile section */
		368891ECABDA1FDF739600E8 /* Pods_SlackfariExtension.framework in Frameworks */ = {isa = PBXBuildFile; fileRef = D106005A4FB3D5C28E77D05E /* Pods_SlackfariExtension.framework */; };
		391476371F5B3B3D00DFB2FB /* Stylesheet.swift in Sources */ = {isa = PBXBuildFile; fileRef = 391476361F5B3B3D00DFB2FB /* Stylesheet.swift */; };
		391476391F5B3FA100DFB2FB /* UserDefaults.swift in Sources */ = {isa = PBXBuildFile; fileRef = 391476381F5B3FA100DFB2FB /* UserDefaults.swift */; };
		392759E51F43692800BF003C /* AppDelegate.swift in Sources */ = {isa = PBXBuildFile; fileRef = 392759E41F43692800BF003C /* AppDelegate.swift */; };
		392759E71F43692800BF003C /* ViewController.swift in Sources */ = {isa = PBXBuildFile; fileRef = 392759E61F43692800BF003C /* ViewController.swift */; };
		392759E91F43692800BF003C /* Assets.xcassets in Resources */ = {isa = PBXBuildFile; fileRef = 392759E81F43692800BF003C /* Assets.xcassets */; };
		392759EC1F43692800BF003C /* Main.storyboard in Resources */ = {isa = PBXBuildFile; fileRef = 392759EA1F43692800BF003C /* Main.storyboard */; };
		392759F71F43692800BF003C /* SlackfariTests.swift in Sources */ = {isa = PBXBuildFile; fileRef = 392759F61F43692800BF003C /* SlackfariTests.swift */; };
		39275A021F43692800BF003C /* SlackfariUITests.swift in Sources */ = {isa = PBXBuildFile; fileRef = 39275A011F43692800BF003C /* SlackfariUITests.swift */; };
		39275A161F43693300BF003C /* Cocoa.framework in Frameworks */ = {isa = PBXBuildFile; fileRef = 39275A151F43693300BF003C /* Cocoa.framework */; };
		39275A1B1F43693300BF003C /* SafariExtensionHandler.swift in Sources */ = {isa = PBXBuildFile; fileRef = 39275A1A1F43693300BF003C /* SafariExtensionHandler.swift */; };
		39275A231F43693300BF003C /* script.js in Resources */ = {isa = PBXBuildFile; fileRef = 39275A221F43693300BF003C /* script.js */; };
		39275A281F43693300BF003C /* SlackfariExtension.appex in Embed App Extensions */ = {isa = PBXBuildFile; fileRef = 39275A131F43693300BF003C /* SlackfariExtension.appex */; settings = {ATTRIBUTES = (RemoveHeadersOnCopy, ); }; };
		3940477F1F4A074A00133098 /* UserViewModel.swift in Sources */ = {isa = PBXBuildFile; fileRef = 3940477E1F4A074A00133098 /* UserViewModel.swift */; };
		394047811F4A075100133098 /* ChannelViewModel.swift in Sources */ = {isa = PBXBuildFile; fileRef = 394047801F4A075100133098 /* ChannelViewModel.swift */; };
		394047831F4A075A00133098 /* GroupViewModel.swift in Sources */ = {isa = PBXBuildFile; fileRef = 394047821F4A075A00133098 /* GroupViewModel.swift */; };
		394047861F4A089900133098 /* UserViewModel+User.swift in Sources */ = {isa = PBXBuildFile; fileRef = 394047851F4A089900133098 /* UserViewModel+User.swift */; };
		394047881F4A08A800133098 /* ChannelViewModel+Channel.swift in Sources */ = {isa = PBXBuildFile; fileRef = 394047871F4A08A800133098 /* ChannelViewModel+Channel.swift */; };
		3940478A1F4A08B300133098 /* GroupViewModel+Group.swift in Sources */ = {isa = PBXBuildFile; fileRef = 394047891F4A08B300133098 /* GroupViewModel+Group.swift */; };
		3940478D1F4A17B900133098 /* Channeable.swift in Sources */ = {isa = PBXBuildFile; fileRef = 3940478C1F4A17B900133098 /* Channeable.swift */; };
		394F825E1F44E5C500C377C3 /* SafariExtensionViewController.swift in Sources */ = {isa = PBXBuildFile; fileRef = 394F825C1F44E5C500C377C3 /* SafariExtensionViewController.swift */; };
		39669EB01F7C1EE70063299C /* SafariExtensionView.swift in Sources */ = {isa = PBXBuildFile; fileRef = 39669EAF1F7C1EE70063299C /* SafariExtensionView.swift */; };
		3988FA211F8D639700A1B3D8 /* ToolbarItemIcon.pdf in Resources */ = {isa = PBXBuildFile; fileRef = 3988FA201F8D637A00A1B3D8 /* ToolbarItemIcon.pdf */; };
		398B74AC1F82ABBD00879F80 /* BaseView.swift in Sources */ = {isa = PBXBuildFile; fileRef = 398B74AB1F82ABBD00879F80 /* BaseView.swift */; };
		398B74B01F82C45700879F80 /* TeamModel.swift in Sources */ = {isa = PBXBuildFile; fileRef = 398B74AF1F82C45700879F80 /* TeamModel.swift */; };
		398B74B11F82C4AC00879F80 /* SafariExtensionPresenter.swift in Sources */ = {isa = PBXBuildFile; fileRef = 398B74AE1F82C1F600879F80 /* SafariExtensionPresenter.swift */; };
		398DF4771F72FE20007B1649 /* SafariExtensionViewController+AddTeamView.swift in Sources */ = {isa = PBXBuildFile; fileRef = 398DF4761F72FE20007B1649 /* SafariExtensionViewController+AddTeamView.swift */; };
		399D4BC11F5A096B002D7893 /* TeamViewModel.swift in Sources */ = {isa = PBXBuildFile; fileRef = 399D4BC01F5A096B002D7893 /* TeamViewModel.swift */; };
		399D4BC31F5A0987002D7893 /* TeamViewModel+Team.swift in Sources */ = {isa = PBXBuildFile; fileRef = 399D4BC21F5A0987002D7893 /* TeamViewModel+Team.swift */; };
		399D4BC61F5A977D002D7893 /* Array+Dictionary.swift in Sources */ = {isa = PBXBuildFile; fileRef = 399D4BC51F5A977D002D7893 /* Array+Dictionary.swift */; };
		399D4BC81F5A9932002D7893 /* TeamCollectionViewAdapter.swift in Sources */ = {isa = PBXBuildFile; fileRef = 399D4BC71F5A9932002D7893 /* TeamCollectionViewAdapter.swift */; };
		39AD3E481F87E3970043F468 /* Main.storyboard in Resources */ = {isa = PBXBuildFile; fileRef = 392759EA1F43692800BF003C /* Main.storyboard */; };
		39CD19831F88F4AB0031C934 /* AppDelegate+Popover.swift in Sources */ = {isa = PBXBuildFile; fileRef = 39CD19821F88F4AB0031C934 /* AppDelegate+Popover.swift */; };
		39CD19861F88F7200031C934 /* HomeView.swift in Sources */ = {isa = PBXBuildFile; fileRef = 39CD19851F88F7200031C934 /* HomeView.swift */; };
		39CD19891F88F74D0031C934 /* BaseView.swift in Sources */ = {isa = PBXBuildFile; fileRef = 39CD19881F88F74D0031C934 /* BaseView.swift */; };
		39F128CD1F7E480F004A2493 /* AddTeamView.swift in Sources */ = {isa = PBXBuildFile; fileRef = 39F128C91F7E478F004A2493 /* AddTeamView.swift */; };
		39F128CE1F7E4812004A2493 /* TeamCellView.swift in Sources */ = {isa = PBXBuildFile; fileRef = 39F128CB1F7E47BA004A2493 /* TeamCellView.swift */; };
		39F128CF1F7E4814004A2493 /* TeamCollectionViewItem.swift in Sources */ = {isa = PBXBuildFile; fileRef = 39F128CC1F7E47BA004A2493 /* TeamCollectionViewItem.swift */; };
		39F128D21F7E70BC004A2493 /* Configuration.swift in Sources */ = {isa = PBXBuildFile; fileRef = 39F128D11F7E70BC004A2493 /* Configuration.swift */; };
		39F128D41F7FCFEC004A2493 /* Assets.xcassets in Resources */ = {isa = PBXBuildFile; fileRef = 392759E81F43692800BF003C /* Assets.xcassets */; };
		39FCC6321F4B5E1100B98C31 /* ChannelTableViewAdapter.swift in Sources */ = {isa = PBXBuildFile; fileRef = 39FCC6311F4B5E1100B98C31 /* ChannelTableViewAdapter.swift */; };
		60E5750947E64543DC246DD4 /* Pods_Slackfari.framework in Frameworks */ = {isa = PBXBuildFile; fileRef = 66F3A3AB929B9FD07A94831E /* Pods_Slackfari.framework */; };
		A54C0664296B4F18643C4358 /* Pods_SlackfariTests.framework in Frameworks */ = {isa = PBXBuildFile; fileRef = D3E5AD7DB224EB1185612F98 /* Pods_SlackfariTests.framework */; };
		C326FBCDDB61338363A21A07 /* Pods_SlackfariUITests.framework in Frameworks */ = {isa = PBXBuildFile; fileRef = 0A04BA0D3660573F347E0F81 /* Pods_SlackfariUITests.framework */; };
/* End PBXBuildFile section */

/* Begin PBXContainerItemProxy section */
		392759F31F43692800BF003C /* PBXContainerItemProxy */ = {
			isa = PBXContainerItemProxy;
			containerPortal = 392759D91F43692800BF003C /* Project object */;
			proxyType = 1;
			remoteGlobalIDString = 392759E01F43692800BF003C;
			remoteInfo = Slackfari;
		};
		392759FE1F43692800BF003C /* PBXContainerItemProxy */ = {
			isa = PBXContainerItemProxy;
			containerPortal = 392759D91F43692800BF003C /* Project object */;
			proxyType = 1;
			remoteGlobalIDString = 392759E01F43692800BF003C;
			remoteInfo = Slackfari;
		};
		39275A261F43693300BF003C /* PBXContainerItemProxy */ = {
			isa = PBXContainerItemProxy;
			containerPortal = 392759D91F43692800BF003C /* Project object */;
			proxyType = 1;
			remoteGlobalIDString = 39275A121F43693300BF003C;
			remoteInfo = SlackfariExtension;
		};
/* End PBXContainerItemProxy section */

/* Begin PBXCopyFilesBuildPhase section */
		39275A2C1F43693300BF003C /* Embed App Extensions */ = {
			isa = PBXCopyFilesBuildPhase;
			buildActionMask = 2147483647;
			dstPath = "";
			dstSubfolderSpec = 13;
			files = (
				39275A281F43693300BF003C /* SlackfariExtension.appex in Embed App Extensions */,
			);
			name = "Embed App Extensions";
			runOnlyForDeploymentPostprocessing = 0;
		};
/* End PBXCopyFilesBuildPhase section */

/* Begin PBXFileReference section */
		0A04BA0D3660573F347E0F81 /* Pods_SlackfariUITests.framework */ = {isa = PBXFileReference; explicitFileType = wrapper.framework; includeInIndex = 0; path = Pods_SlackfariUITests.framework; sourceTree = BUILT_PRODUCTS_DIR; };
		391476361F5B3B3D00DFB2FB /* Stylesheet.swift */ = {isa = PBXFileReference; fileEncoding = 4; lastKnownFileType = sourcecode.swift; path = Stylesheet.swift; sourceTree = "<group>"; };
		391476381F5B3FA100DFB2FB /* UserDefaults.swift */ = {isa = PBXFileReference; fileEncoding = 4; lastKnownFileType = sourcecode.swift; path = UserDefaults.swift; sourceTree = "<group>"; };
		392759E11F43692800BF003C /* Send It - for Slack.app */ = {isa = PBXFileReference; explicitFileType = wrapper.application; includeInIndex = 0; path = "Send It - for Slack.app"; sourceTree = BUILT_PRODUCTS_DIR; };
		392759E41F43692800BF003C /* AppDelegate.swift */ = {isa = PBXFileReference; lastKnownFileType = sourcecode.swift; path = AppDelegate.swift; sourceTree = "<group>"; };
		392759E61F43692800BF003C /* ViewController.swift */ = {isa = PBXFileReference; lastKnownFileType = sourcecode.swift; path = ViewController.swift; sourceTree = "<group>"; };
		392759E81F43692800BF003C /* Assets.xcassets */ = {isa = PBXFileReference; lastKnownFileType = folder.assetcatalog; path = Assets.xcassets; sourceTree = "<group>"; };
		392759EB1F43692800BF003C /* Base */ = {isa = PBXFileReference; lastKnownFileType = file.storyboard; name = Base; path = Base.lproj/Main.storyboard; sourceTree = "<group>"; };
		392759ED1F43692800BF003C /* Info.plist */ = {isa = PBXFileReference; lastKnownFileType = text.plist.xml; path = Info.plist; sourceTree = "<group>"; };
		392759F21F43692800BF003C /* SlackfariTests.xctest */ = {isa = PBXFileReference; explicitFileType = wrapper.cfbundle; includeInIndex = 0; path = SlackfariTests.xctest; sourceTree = BUILT_PRODUCTS_DIR; };
		392759F61F43692800BF003C /* SlackfariTests.swift */ = {isa = PBXFileReference; lastKnownFileType = sourcecode.swift; path = SlackfariTests.swift; sourceTree = "<group>"; };
		392759F81F43692800BF003C /* Info.plist */ = {isa = PBXFileReference; lastKnownFileType = text.plist.xml; path = Info.plist; sourceTree = "<group>"; };
		392759FD1F43692800BF003C /* SlackfariUITests.xctest */ = {isa = PBXFileReference; explicitFileType = wrapper.cfbundle; includeInIndex = 0; path = SlackfariUITests.xctest; sourceTree = BUILT_PRODUCTS_DIR; };
		39275A011F43692800BF003C /* SlackfariUITests.swift */ = {isa = PBXFileReference; lastKnownFileType = sourcecode.swift; path = SlackfariUITests.swift; sourceTree = "<group>"; };
		39275A031F43692800BF003C /* Info.plist */ = {isa = PBXFileReference; lastKnownFileType = text.plist.xml; path = Info.plist; sourceTree = "<group>"; };
		39275A131F43693300BF003C /* SlackfariExtension.appex */ = {isa = PBXFileReference; explicitFileType = "wrapper.app-extension"; includeInIndex = 0; path = SlackfariExtension.appex; sourceTree = BUILT_PRODUCTS_DIR; };
		39275A151F43693300BF003C /* Cocoa.framework */ = {isa = PBXFileReference; lastKnownFileType = wrapper.framework; name = Cocoa.framework; path = System/Library/Frameworks/Cocoa.framework; sourceTree = SDKROOT; };
		39275A191F43693300BF003C /* SlackfariExtension.entitlements */ = {isa = PBXFileReference; lastKnownFileType = text.plist.entitlements; path = SlackfariExtension.entitlements; sourceTree = "<group>"; };
		39275A1A1F43693300BF003C /* SafariExtensionHandler.swift */ = {isa = PBXFileReference; lastKnownFileType = sourcecode.swift; path = SafariExtensionHandler.swift; sourceTree = "<group>"; };
		39275A211F43693300BF003C /* Info.plist */ = {isa = PBXFileReference; lastKnownFileType = text.plist.xml; path = Info.plist; sourceTree = "<group>"; };
		39275A221F43693300BF003C /* script.js */ = {isa = PBXFileReference; lastKnownFileType = sourcecode.javascript; path = script.js; sourceTree = "<group>"; };
		3940477D1F49F8CF00133098 /* Slackfari.entitlements */ = {isa = PBXFileReference; lastKnownFileType = text.plist.entitlements; path = Slackfari.entitlements; sourceTree = "<group>"; };
		3940477E1F4A074A00133098 /* UserViewModel.swift */ = {isa = PBXFileReference; fileEncoding = 4; lastKnownFileType = sourcecode.swift; path = UserViewModel.swift; sourceTree = "<group>"; };
		394047801F4A075100133098 /* ChannelViewModel.swift */ = {isa = PBXFileReference; fileEncoding = 4; lastKnownFileType = sourcecode.swift; path = ChannelViewModel.swift; sourceTree = "<group>"; };
		394047821F4A075A00133098 /* GroupViewModel.swift */ = {isa = PBXFileReference; fileEncoding = 4; lastKnownFileType = sourcecode.swift; path = GroupViewModel.swift; sourceTree = "<group>"; };
		394047851F4A089900133098 /* UserViewModel+User.swift */ = {isa = PBXFileReference; fileEncoding = 4; lastKnownFileType = sourcecode.swift; path = "UserViewModel+User.swift"; sourceTree = "<group>"; };
		394047871F4A08A800133098 /* ChannelViewModel+Channel.swift */ = {isa = PBXFileReference; fileEncoding = 4; lastKnownFileType = sourcecode.swift; path = "ChannelViewModel+Channel.swift"; sourceTree = "<group>"; };
		394047891F4A08B300133098 /* GroupViewModel+Group.swift */ = {isa = PBXFileReference; fileEncoding = 4; lastKnownFileType = sourcecode.swift; path = "GroupViewModel+Group.swift"; sourceTree = "<group>"; };
		3940478C1F4A17B900133098 /* Channeable.swift */ = {isa = PBXFileReference; fileEncoding = 4; lastKnownFileType = sourcecode.swift; path = Channeable.swift; sourceTree = "<group>"; };
		394F825C1F44E5C500C377C3 /* SafariExtensionViewController.swift */ = {isa = PBXFileReference; fileEncoding = 4; lastKnownFileType = sourcecode.swift; path = SafariExtensionViewController.swift; sourceTree = "<group>"; };
		39669EAF1F7C1EE70063299C /* SafariExtensionView.swift */ = {isa = PBXFileReference; lastKnownFileType = sourcecode.swift; path = SafariExtensionView.swift; sourceTree = "<group>"; };
		3988FA201F8D637A00A1B3D8 /* ToolbarItemIcon.pdf */ = {isa = PBXFileReference; lastKnownFileType = image.pdf; path = ToolbarItemIcon.pdf; sourceTree = "<group>"; };
		398B74AB1F82ABBD00879F80 /* BaseView.swift */ = {isa = PBXFileReference; lastKnownFileType = sourcecode.swift; path = BaseView.swift; sourceTree = "<group>"; };
		398B74AE1F82C1F600879F80 /* SafariExtensionPresenter.swift */ = {isa = PBXFileReference; lastKnownFileType = sourcecode.swift; path = SafariExtensionPresenter.swift; sourceTree = "<group>"; };
		398B74AF1F82C45700879F80 /* TeamModel.swift */ = {isa = PBXFileReference; lastKnownFileType = sourcecode.swift; path = TeamModel.swift; sourceTree = "<group>"; };
		398DF4761F72FE20007B1649 /* SafariExtensionViewController+AddTeamView.swift */ = {isa = PBXFileReference; lastKnownFileType = sourcecode.swift; path = "SafariExtensionViewController+AddTeamView.swift"; sourceTree = "<group>"; };
		399D4BC01F5A096B002D7893 /* TeamViewModel.swift */ = {isa = PBXFileReference; fileEncoding = 4; lastKnownFileType = sourcecode.swift; path = TeamViewModel.swift; sourceTree = "<group>"; };
		399D4BC21F5A0987002D7893 /* TeamViewModel+Team.swift */ = {isa = PBXFileReference; fileEncoding = 4; lastKnownFileType = sourcecode.swift; path = "TeamViewModel+Team.swift"; sourceTree = "<group>"; };
		399D4BC51F5A977D002D7893 /* Array+Dictionary.swift */ = {isa = PBXFileReference; fileEncoding = 4; lastKnownFileType = sourcecode.swift; path = "Array+Dictionary.swift"; sourceTree = "<group>"; };
		399D4BC71F5A9932002D7893 /* TeamCollectionViewAdapter.swift */ = {isa = PBXFileReference; fileEncoding = 4; lastKnownFileType = sourcecode.swift; path = TeamCollectionViewAdapter.swift; sourceTree = "<group>"; };
		39CD19821F88F4AB0031C934 /* AppDelegate+Popover.swift */ = {isa = PBXFileReference; lastKnownFileType = sourcecode.swift; path = "AppDelegate+Popover.swift"; sourceTree = "<group>"; };
		39CD19851F88F7200031C934 /* HomeView.swift */ = {isa = PBXFileReference; lastKnownFileType = sourcecode.swift; path = HomeView.swift; sourceTree = "<group>"; };
		39CD19881F88F74D0031C934 /* BaseView.swift */ = {isa = PBXFileReference; lastKnownFileType = sourcecode.swift; path = BaseView.swift; sourceTree = "<group>"; };
		39F128C91F7E478F004A2493 /* AddTeamView.swift */ = {isa = PBXFileReference; lastKnownFileType = sourcecode.swift; path = AddTeamView.swift; sourceTree = "<group>"; };
		39F128CB1F7E47BA004A2493 /* TeamCellView.swift */ = {isa = PBXFileReference; lastKnownFileType = sourcecode.swift; path = TeamCellView.swift; sourceTree = "<group>"; };
		39F128CC1F7E47BA004A2493 /* TeamCollectionViewItem.swift */ = {isa = PBXFileReference; lastKnownFileType = sourcecode.swift; path = TeamCollectionViewItem.swift; sourceTree = "<group>"; };
		39F128D11F7E70BC004A2493 /* Configuration.swift */ = {isa = PBXFileReference; lastKnownFileType = sourcecode.swift; path = Configuration.swift; sourceTree = "<group>"; };
		39FCC6311F4B5E1100B98C31 /* ChannelTableViewAdapter.swift */ = {isa = PBXFileReference; fileEncoding = 4; lastKnownFileType = sourcecode.swift; path = ChannelTableViewAdapter.swift; sourceTree = "<group>"; };
		580D57991675FB42EA12B22F /* Pods-Slackfari.release.xcconfig */ = {isa = PBXFileReference; includeInIndex = 1; lastKnownFileType = text.xcconfig; name = "Pods-Slackfari.release.xcconfig"; path = "Pods/Target Support Files/Pods-Slackfari/Pods-Slackfari.release.xcconfig"; sourceTree = "<group>"; };
		5932746A3300289464BE5D52 /* Pods-SlackfariUITests.debug.xcconfig */ = {isa = PBXFileReference; includeInIndex = 1; lastKnownFileType = text.xcconfig; name = "Pods-SlackfariUITests.debug.xcconfig"; path = "Pods/Target Support Files/Pods-SlackfariUITests/Pods-SlackfariUITests.debug.xcconfig"; sourceTree = "<group>"; };
		66F3A3AB929B9FD07A94831E /* Pods_Slackfari.framework */ = {isa = PBXFileReference; explicitFileType = wrapper.framework; includeInIndex = 0; path = Pods_Slackfari.framework; sourceTree = BUILT_PRODUCTS_DIR; };
		823AA130A050AB03C7DE2F58 /* Pods-SlackfariTests.release.xcconfig */ = {isa = PBXFileReference; includeInIndex = 1; lastKnownFileType = text.xcconfig; name = "Pods-SlackfariTests.release.xcconfig"; path = "Pods/Target Support Files/Pods-SlackfariTests/Pods-SlackfariTests.release.xcconfig"; sourceTree = "<group>"; };
		9CDB78A056BED05FA181815A /* Pods-SlackfariUITests.release.xcconfig */ = {isa = PBXFileReference; includeInIndex = 1; lastKnownFileType = text.xcconfig; name = "Pods-SlackfariUITests.release.xcconfig"; path = "Pods/Target Support Files/Pods-SlackfariUITests/Pods-SlackfariUITests.release.xcconfig"; sourceTree = "<group>"; };
		AD79FD7B04B7D9401DBBF8BD /* Pods-SlackfariExtension.release.xcconfig */ = {isa = PBXFileReference; includeInIndex = 1; lastKnownFileType = text.xcconfig; name = "Pods-SlackfariExtension.release.xcconfig"; path = "Pods/Target Support Files/Pods-SlackfariExtension/Pods-SlackfariExtension.release.xcconfig"; sourceTree = "<group>"; };
		AE586EB152FF9F458F89B7D6 /* Pods-Slackfari.debug.xcconfig */ = {isa = PBXFileReference; includeInIndex = 1; lastKnownFileType = text.xcconfig; name = "Pods-Slackfari.debug.xcconfig"; path = "Pods/Target Support Files/Pods-Slackfari/Pods-Slackfari.debug.xcconfig"; sourceTree = "<group>"; };
		C0DC11AC3C4FC3369D2C50F1 /* Pods-SlackfariExtension.debug.xcconfig */ = {isa = PBXFileReference; includeInIndex = 1; lastKnownFileType = text.xcconfig; name = "Pods-SlackfariExtension.debug.xcconfig"; path = "Pods/Target Support Files/Pods-SlackfariExtension/Pods-SlackfariExtension.debug.xcconfig"; sourceTree = "<group>"; };
		D106005A4FB3D5C28E77D05E /* Pods_SlackfariExtension.framework */ = {isa = PBXFileReference; explicitFileType = wrapper.framework; includeInIndex = 0; path = Pods_SlackfariExtension.framework; sourceTree = BUILT_PRODUCTS_DIR; };
		D3E5AD7DB224EB1185612F98 /* Pods_SlackfariTests.framework */ = {isa = PBXFileReference; explicitFileType = wrapper.framework; includeInIndex = 0; path = Pods_SlackfariTests.framework; sourceTree = BUILT_PRODUCTS_DIR; };
		F44322AE79C2ADA9E183069A /* Pods-SlackfariTests.debug.xcconfig */ = {isa = PBXFileReference; includeInIndex = 1; lastKnownFileType = text.xcconfig; name = "Pods-SlackfariTests.debug.xcconfig"; path = "Pods/Target Support Files/Pods-SlackfariTests/Pods-SlackfariTests.debug.xcconfig"; sourceTree = "<group>"; };
/* End PBXFileReference section */

/* Begin PBXFrameworksBuildPhase section */
		392759DE1F43692800BF003C /* Frameworks */ = {
			isa = PBXFrameworksBuildPhase;
			buildActionMask = 2147483647;
			files = (
				60E5750947E64543DC246DD4 /* Pods_Slackfari.framework in Frameworks */,
			);
			runOnlyForDeploymentPostprocessing = 0;
		};
		392759EF1F43692800BF003C /* Frameworks */ = {
			isa = PBXFrameworksBuildPhase;
			buildActionMask = 2147483647;
			files = (
				A54C0664296B4F18643C4358 /* Pods_SlackfariTests.framework in Frameworks */,
			);
			runOnlyForDeploymentPostprocessing = 0;
		};
		392759FA1F43692800BF003C /* Frameworks */ = {
			isa = PBXFrameworksBuildPhase;
			buildActionMask = 2147483647;
			files = (
				C326FBCDDB61338363A21A07 /* Pods_SlackfariUITests.framework in Frameworks */,
			);
			runOnlyForDeploymentPostprocessing = 0;
		};
		39275A101F43693300BF003C /* Frameworks */ = {
			isa = PBXFrameworksBuildPhase;
			buildActionMask = 2147483647;
			files = (
				39275A161F43693300BF003C /* Cocoa.framework in Frameworks */,
				368891ECABDA1FDF739600E8 /* Pods_SlackfariExtension.framework in Frameworks */,
			);
			runOnlyForDeploymentPostprocessing = 0;
		};
/* End PBXFrameworksBuildPhase section */

/* Begin PBXGroup section */
		0A41FEF2DAC65FF9B87C6595 /* Pods */ = {
			isa = PBXGroup;
			children = (
				AE586EB152FF9F458F89B7D6 /* Pods-Slackfari.debug.xcconfig */,
				580D57991675FB42EA12B22F /* Pods-Slackfari.release.xcconfig */,
				F44322AE79C2ADA9E183069A /* Pods-SlackfariTests.debug.xcconfig */,
				823AA130A050AB03C7DE2F58 /* Pods-SlackfariTests.release.xcconfig */,
				5932746A3300289464BE5D52 /* Pods-SlackfariUITests.debug.xcconfig */,
				9CDB78A056BED05FA181815A /* Pods-SlackfariUITests.release.xcconfig */,
				C0DC11AC3C4FC3369D2C50F1 /* Pods-SlackfariExtension.debug.xcconfig */,
				AD79FD7B04B7D9401DBBF8BD /* Pods-SlackfariExtension.release.xcconfig */,
			);
			name = Pods;
			sourceTree = "<group>";
		};
		391476351F5B3AFC00DFB2FB /* Stylesheet */ = {
			isa = PBXGroup;
			children = (
				391476361F5B3B3D00DFB2FB /* Stylesheet.swift */,
			);
			path = Stylesheet;
			sourceTree = "<group>";
		};
		392759D81F43692800BF003C = {
			isa = PBXGroup;
			children = (
				392759E31F43692800BF003C /* Slackfari */,
				392759F51F43692800BF003C /* SlackfariTests */,
				39275A001F43692800BF003C /* SlackfariUITests */,
				39275A171F43693300BF003C /* SlackfariExtension */,
				39275A141F43693300BF003C /* Frameworks */,
				392759E21F43692800BF003C /* Products */,
				0A41FEF2DAC65FF9B87C6595 /* Pods */,
			);
			sourceTree = "<group>";
		};
		392759E21F43692800BF003C /* Products */ = {
			isa = PBXGroup;
			children = (
				392759E11F43692800BF003C /* Send It - for Slack.app */,
				392759F21F43692800BF003C /* SlackfariTests.xctest */,
				392759FD1F43692800BF003C /* SlackfariUITests.xctest */,
				39275A131F43693300BF003C /* SlackfariExtension.appex */,
			);
			name = Products;
			sourceTree = "<group>";
		};
		392759E31F43692800BF003C /* Slackfari */ = {
			isa = PBXGroup;
			children = (
				3940477D1F49F8CF00133098 /* Slackfari.entitlements */,
				39CD19871F88F7400031C934 /* Base */,
				392759E41F43692800BF003C /* AppDelegate.swift */,
				39CD19821F88F4AB0031C934 /* AppDelegate+Popover.swift */,
				392759E61F43692800BF003C /* ViewController.swift */,
				39CD19841F88F7010031C934 /* Subviews */,
				392759E81F43692800BF003C /* Assets.xcassets */,
				392759EA1F43692800BF003C /* Main.storyboard */,
				392759ED1F43692800BF003C /* Info.plist */,
			);
			path = Slackfari;
			sourceTree = "<group>";
		};
		392759F51F43692800BF003C /* SlackfariTests */ = {
			isa = PBXGroup;
			children = (
				392759F61F43692800BF003C /* SlackfariTests.swift */,
				392759F81F43692800BF003C /* Info.plist */,
			);
			path = SlackfariTests;
			sourceTree = "<group>";
		};
		39275A001F43692800BF003C /* SlackfariUITests */ = {
			isa = PBXGroup;
			children = (
				39275A011F43692800BF003C /* SlackfariUITests.swift */,
				39275A031F43692800BF003C /* Info.plist */,
			);
			path = SlackfariUITests;
			sourceTree = "<group>";
		};
		39275A141F43693300BF003C /* Frameworks */ = {
			isa = PBXGroup;
			children = (
				39275A151F43693300BF003C /* Cocoa.framework */,
				66F3A3AB929B9FD07A94831E /* Pods_Slackfari.framework */,
				D3E5AD7DB224EB1185612F98 /* Pods_SlackfariTests.framework */,
				0A04BA0D3660573F347E0F81 /* Pods_SlackfariUITests.framework */,
				D106005A4FB3D5C28E77D05E /* Pods_SlackfariExtension.framework */,
			);
			name = Frameworks;
			sourceTree = "<group>";
		};
		39275A171F43693300BF003C /* SlackfariExtension */ = {
			isa = PBXGroup;
			children = (
				39275A1A1F43693300BF003C /* SafariExtensionHandler.swift */,
				39F128D01F7E70B2004A2493 /* Configuration */,
				391476351F5B3AFC00DFB2FB /* Stylesheet */,
				394F825B1F44E5C500C377C3 /* UI */,
				399D4BC41F5A975A002D7893 /* Helpers */,
				39275A211F43693300BF003C /* Info.plist */,
				39275A221F43693300BF003C /* script.js */,
				3988FA201F8D637A00A1B3D8 /* ToolbarItemIcon.pdf */,
				39275A181F43693300BF003C /* Supporting Files */,
			);
			path = SlackfariExtension;
			sourceTree = "<group>";
		};
		39275A181F43693300BF003C /* Supporting Files */ = {
			isa = PBXGroup;
			children = (
				39275A191F43693300BF003C /* SlackfariExtension.entitlements */,
			);
			name = "Supporting Files";
			sourceTree = "<group>";
		};
		394047841F4A088E00133098 /* Mappers */ = {
			isa = PBXGroup;
			children = (
				394047851F4A089900133098 /* UserViewModel+User.swift */,
				394047871F4A08A800133098 /* ChannelViewModel+Channel.swift */,
				394047891F4A08B300133098 /* GroupViewModel+Group.swift */,
				399D4BC21F5A0987002D7893 /* TeamViewModel+Team.swift */,
			);
			path = Mappers;
			sourceTree = "<group>";
		};
		3940478B1F4A17B100133098 /* Protocol */ = {
			isa = PBXGroup;
			children = (
				3940478C1F4A17B900133098 /* Channeable.swift */,
			);
			path = Protocol;
			sourceTree = "<group>";
		};
		394F825B1F44E5C500C377C3 /* UI */ = {
			isa = PBXGroup;
			children = (
				398B74AA1F82A9E200879F80 /* Base */,
				398B74AD1F82C1F600879F80 /* Presenter */,
				394F825C1F44E5C500C377C3 /* SafariExtensionViewController.swift */,
				398DF4761F72FE20007B1649 /* SafariExtensionViewController+AddTeamView.swift */,
				39669EAF1F7C1EE70063299C /* SafariExtensionView.swift */,
				396613D81F59D02A00C07998 /* Subviews */,
				39FCC6301F4B5E0700B98C31 /* DataProvider */,
				394F825D1F44E5C500C377C3 /* ViewModels */,
			);
			path = UI;
			sourceTree = "<group>";
		};
		394F825D1F44E5C500C377C3 /* ViewModels */ = {
			isa = PBXGroup;
			children = (
				3940478B1F4A17B100133098 /* Protocol */,
				3940477E1F4A074A00133098 /* UserViewModel.swift */,
				394047801F4A075100133098 /* ChannelViewModel.swift */,
				394047821F4A075A00133098 /* GroupViewModel.swift */,
				399D4BC01F5A096B002D7893 /* TeamViewModel.swift */,
				394047841F4A088E00133098 /* Mappers */,
			);
			path = ViewModels;
			sourceTree = "<group>";
		};
		396613D81F59D02A00C07998 /* Subviews */ = {
			isa = PBXGroup;
			children = (
				39F128C81F7E478F004A2493 /* AddTeamView */,
				39F128CA1F7E47BA004A2493 /* TeamViewItem */,
			);
			path = Subviews;
			sourceTree = "<group>";
		};
		398B74AA1F82A9E200879F80 /* Base */ = {
			isa = PBXGroup;
			children = (
				398B74AB1F82ABBD00879F80 /* BaseView.swift */,
			);
			path = Base;
			sourceTree = "<group>";
		};
		398B74AD1F82C1F600879F80 /* Presenter */ = {
			isa = PBXGroup;
			children = (
				398B74AE1F82C1F600879F80 /* SafariExtensionPresenter.swift */,
			);
			path = Presenter;
			sourceTree = "<group>";
		};
		399D4BC41F5A975A002D7893 /* Helpers */ = {
			isa = PBXGroup;
			children = (
				399D4BC51F5A977D002D7893 /* Array+Dictionary.swift */,
				391476381F5B3FA100DFB2FB /* UserDefaults.swift */,
				398B74AF1F82C45700879F80 /* TeamModel.swift */,
			);
			path = Helpers;
			sourceTree = "<group>";
		};
		39CD19841F88F7010031C934 /* Subviews */ = {
			isa = PBXGroup;
			children = (
				39CD19851F88F7200031C934 /* HomeView.swift */,
			);
			path = Subviews;
			sourceTree = "<group>";
		};
		39CD19871F88F7400031C934 /* Base */ = {
			isa = PBXGroup;
			children = (
				39CD19881F88F74D0031C934 /* BaseView.swift */,
			);
			path = Base;
			sourceTree = "<group>";
		};
		39F128C81F7E478F004A2493 /* AddTeamView */ = {
			isa = PBXGroup;
			children = (
				39F128C91F7E478F004A2493 /* AddTeamView.swift */,
			);
			path = AddTeamView;
			sourceTree = "<group>";
		};
		39F128CA1F7E47BA004A2493 /* TeamViewItem */ = {
			isa = PBXGroup;
			children = (
				39F128CB1F7E47BA004A2493 /* TeamCellView.swift */,
				39F128CC1F7E47BA004A2493 /* TeamCollectionViewItem.swift */,
			);
			path = TeamViewItem;
			sourceTree = "<group>";
		};
		39F128D01F7E70B2004A2493 /* Configuration */ = {
			isa = PBXGroup;
			children = (
				39F128D11F7E70BC004A2493 /* Configuration.swift */,
			);
			path = Configuration;
			sourceTree = "<group>";
		};
		39FCC6301F4B5E0700B98C31 /* DataProvider */ = {
			isa = PBXGroup;
			children = (
				39FCC6311F4B5E1100B98C31 /* ChannelTableViewAdapter.swift */,
				399D4BC71F5A9932002D7893 /* TeamCollectionViewAdapter.swift */,
			);
			path = DataProvider;
			sourceTree = "<group>";
		};
/* End PBXGroup section */

/* Begin PBXNativeTarget section */
		392759E01F43692800BF003C /* Send It - for Slack */ = {
			isa = PBXNativeTarget;
			buildConfigurationList = 39275A061F43692800BF003C /* Build configuration list for PBXNativeTarget "Send It - for Slack" */;
			buildPhases = (
				45347598EA6EC98230D45FE8 /* [CP] Check Pods Manifest.lock */,
				392759DD1F43692800BF003C /* Sources */,
				392759DE1F43692800BF003C /* Frameworks */,
				392759DF1F43692800BF003C /* Resources */,
				39275A2C1F43693300BF003C /* Embed App Extensions */,
				46AD22495DDB3C9394D43C12 /* [CP] Embed Pods Frameworks */,
				28432779C8F98E0439AFB2D4 /* [CP] Copy Pods Resources */,
			);
			buildRules = (
			);
			dependencies = (
				39275A271F43693300BF003C /* PBXTargetDependency */,
			);
			name = "Send It - for Slack";
			productName = Slackfari;
			productReference = 392759E11F43692800BF003C /* Send It - for Slack.app */;
			productType = "com.apple.product-type.application";
		};
		392759F11F43692800BF003C /* SlackfariTests */ = {
			isa = PBXNativeTarget;
			buildConfigurationList = 39275A091F43692800BF003C /* Build configuration list for PBXNativeTarget "SlackfariTests" */;
			buildPhases = (
				E66167CD6DD33622B3F72E89 /* [CP] Check Pods Manifest.lock */,
				392759EE1F43692800BF003C /* Sources */,
				392759EF1F43692800BF003C /* Frameworks */,
				392759F01F43692800BF003C /* Resources */,
				3E6D10AB034D48F3E6853FEE /* [CP] Embed Pods Frameworks */,
				79593BDB26160FAA3C90BE0E /* [CP] Copy Pods Resources */,
			);
			buildRules = (
			);
			dependencies = (
				392759F41F43692800BF003C /* PBXTargetDependency */,
			);
			name = SlackfariTests;
			productName = SlackfariTests;
			productReference = 392759F21F43692800BF003C /* SlackfariTests.xctest */;
			productType = "com.apple.product-type.bundle.unit-test";
		};
		392759FC1F43692800BF003C /* SlackfariUITests */ = {
			isa = PBXNativeTarget;
			buildConfigurationList = 39275A0C1F43692800BF003C /* Build configuration list for PBXNativeTarget "SlackfariUITests" */;
			buildPhases = (
				52BAD343AC65E25104BE6465 /* [CP] Check Pods Manifest.lock */,
				392759F91F43692800BF003C /* Sources */,
				392759FA1F43692800BF003C /* Frameworks */,
				392759FB1F43692800BF003C /* Resources */,
				A7195B1041284F34FD15F441 /* [CP] Embed Pods Frameworks */,
				C8713ECDFBD4A586416042AA /* [CP] Copy Pods Resources */,
			);
			buildRules = (
			);
			dependencies = (
				392759FF1F43692800BF003C /* PBXTargetDependency */,
			);
			name = SlackfariUITests;
			productName = SlackfariUITests;
			productReference = 392759FD1F43692800BF003C /* SlackfariUITests.xctest */;
			productType = "com.apple.product-type.bundle.ui-testing";
		};
		39275A121F43693300BF003C /* SlackfariExtension */ = {
			isa = PBXNativeTarget;
			buildConfigurationList = 39275A291F43693300BF003C /* Build configuration list for PBXNativeTarget "SlackfariExtension" */;
			buildPhases = (
				A9D562990192322C7E59D290 /* [CP] Check Pods Manifest.lock */,
				39275A0F1F43693300BF003C /* Sources */,
				39275A101F43693300BF003C /* Frameworks */,
				39275A111F43693300BF003C /* Resources */,
				2FE459034F3F106AC045A777 /* [CP] Copy Pods Resources */,
			);
			buildRules = (
			);
			dependencies = (
			);
			name = SlackfariExtension;
			productName = SlackfariExtension;
			productReference = 39275A131F43693300BF003C /* SlackfariExtension.appex */;
			productType = "com.apple.product-type.app-extension";
		};
/* End PBXNativeTarget section */

/* Begin PBXProject section */
		392759D91F43692800BF003C /* Project object */ = {
			isa = PBXProject;
			attributes = {
				LastSwiftUpdateCheck = 0830;
				LastUpgradeCheck = 0900;
				ORGANIZATIONNAME = "Alberto Moral";
				TargetAttributes = {
					392759E01F43692800BF003C = {
						CreatedOnToolsVersion = 8.3.3;
						DevelopmentTeam = 9MWQQ54CZQ;
						ProvisioningStyle = Automatic;
						SystemCapabilities = {
							com.apple.Sandbox = {
								enabled = 1;
							};
						};
					};
					392759F11F43692800BF003C = {
						CreatedOnToolsVersion = 8.3.3;
						DevelopmentTeam = 9MWQQ54CZQ;
						ProvisioningStyle = Automatic;
						TestTargetID = 392759E01F43692800BF003C;
					};
					392759FC1F43692800BF003C = {
						CreatedOnToolsVersion = 8.3.3;
						DevelopmentTeam = 9MWQQ54CZQ;
						ProvisioningStyle = Automatic;
						TestTargetID = 392759E01F43692800BF003C;
					};
					39275A121F43693300BF003C = {
						CreatedOnToolsVersion = 8.3.3;
						DevelopmentTeam = 9MWQQ54CZQ;
						ProvisioningStyle = Automatic;
					};
				};
			};
			buildConfigurationList = 392759DC1F43692800BF003C /* Build configuration list for PBXProject "Slackfari" */;
			compatibilityVersion = "Xcode 3.2";
			developmentRegion = English;
			hasScannedForEncodings = 0;
			knownRegions = (
				en,
				Base,
			);
			mainGroup = 392759D81F43692800BF003C;
			productRefGroup = 392759E21F43692800BF003C /* Products */;
			projectDirPath = "";
			projectRoot = "";
			targets = (
				392759E01F43692800BF003C /* Send It - for Slack */,
				392759F11F43692800BF003C /* SlackfariTests */,
				392759FC1F43692800BF003C /* SlackfariUITests */,
				39275A121F43693300BF003C /* SlackfariExtension */,
			);
		};
/* End PBXProject section */

/* Begin PBXResourcesBuildPhase section */
		392759DF1F43692800BF003C /* Resources */ = {
			isa = PBXResourcesBuildPhase;
			buildActionMask = 2147483647;
			files = (
				392759E91F43692800BF003C /* Assets.xcassets in Resources */,
				392759EC1F43692800BF003C /* Main.storyboard in Resources */,
			);
			runOnlyForDeploymentPostprocessing = 0;
		};
		392759F01F43692800BF003C /* Resources */ = {
			isa = PBXResourcesBuildPhase;
			buildActionMask = 2147483647;
			files = (
			);
			runOnlyForDeploymentPostprocessing = 0;
		};
		392759FB1F43692800BF003C /* Resources */ = {
			isa = PBXResourcesBuildPhase;
			buildActionMask = 2147483647;
			files = (
			);
			runOnlyForDeploymentPostprocessing = 0;
		};
		39275A111F43693300BF003C /* Resources */ = {
			isa = PBXResourcesBuildPhase;
			buildActionMask = 2147483647;
			files = (
				39F128D41F7FCFEC004A2493 /* Assets.xcassets in Resources */,
				39275A231F43693300BF003C /* script.js in Resources */,
				3988FA211F8D639700A1B3D8 /* ToolbarItemIcon.pdf in Resources */,
				39AD3E481F87E3970043F468 /* Main.storyboard in Resources */,
			);
			runOnlyForDeploymentPostprocessing = 0;
		};
/* End PBXResourcesBuildPhase section */

/* Begin PBXShellScriptBuildPhase section */
		28432779C8F98E0439AFB2D4 /* [CP] Copy Pods Resources */ = {
			isa = PBXShellScriptBuildPhase;
			buildActionMask = 2147483647;
			files = (
			);
			inputPaths = (
			);
			name = "[CP] Copy Pods Resources";
			outputPaths = (
			);
			runOnlyForDeploymentPostprocessing = 0;
			shellPath = /bin/sh;
			shellScript = "\"${SRCROOT}/Pods/Target Support Files/Pods-Slackfari/Pods-Slackfari-resources.sh\"\n";
			showEnvVarsInLog = 0;
		};
		2FE459034F3F106AC045A777 /* [CP] Copy Pods Resources */ = {
			isa = PBXShellScriptBuildPhase;
			buildActionMask = 2147483647;
			files = (
			);
			inputPaths = (
			);
			name = "[CP] Copy Pods Resources";
			outputPaths = (
			);
			runOnlyForDeploymentPostprocessing = 0;
			shellPath = /bin/sh;
			shellScript = "\"${SRCROOT}/Pods/Target Support Files/Pods-SlackfariExtension/Pods-SlackfariExtension-resources.sh\"\n";
			showEnvVarsInLog = 0;
		};
		3E6D10AB034D48F3E6853FEE /* [CP] Embed Pods Frameworks */ = {
			isa = PBXShellScriptBuildPhase;
			buildActionMask = 2147483647;
			files = (
			);
			inputPaths = (
			);
			name = "[CP] Embed Pods Frameworks";
			outputPaths = (
			);
			runOnlyForDeploymentPostprocessing = 0;
			shellPath = /bin/sh;
			shellScript = "\"${SRCROOT}/Pods/Target Support Files/Pods-SlackfariTests/Pods-SlackfariTests-frameworks.sh\"\n";
			showEnvVarsInLog = 0;
		};
		45347598EA6EC98230D45FE8 /* [CP] Check Pods Manifest.lock */ = {
			isa = PBXShellScriptBuildPhase;
			buildActionMask = 2147483647;
			files = (
			);
			inputPaths = (
				"${PODS_PODFILE_DIR_PATH}/Podfile.lock",
				"${PODS_ROOT}/Manifest.lock",
			);
			name = "[CP] Check Pods Manifest.lock";
			outputPaths = (
				"$(DERIVED_FILE_DIR)/Pods-Slackfari-checkManifestLockResult.txt",
			);
			runOnlyForDeploymentPostprocessing = 0;
			shellPath = /bin/sh;
			shellScript = "diff \"${PODS_PODFILE_DIR_PATH}/Podfile.lock\" \"${PODS_ROOT}/Manifest.lock\" > /dev/null\nif [ $? != 0 ] ; then\n    # print error to STDERR\n    echo \"error: The sandbox is not in sync with the Podfile.lock. Run 'pod install' or update your CocoaPods installation.\" >&2\n    exit 1\nfi\n# This output is used by Xcode 'outputs' to avoid re-running this script phase.\necho \"SUCCESS\" > \"${SCRIPT_OUTPUT_FILE_0}\"\n";
			showEnvVarsInLog = 0;
		};
		46AD22495DDB3C9394D43C12 /* [CP] Embed Pods Frameworks */ = {
			isa = PBXShellScriptBuildPhase;
			buildActionMask = 2147483647;
			files = (
			);
			inputPaths = (
				"${SRCROOT}/Pods/Target Support Files/Pods-Slackfari/Pods-Slackfari-frameworks.sh",
				"${BUILT_PRODUCTS_DIR}/Alamofire/Alamofire.framework",
				"${BUILT_PRODUCTS_DIR}/AlamofireImage/AlamofireImage.framework",
				"${BUILT_PRODUCTS_DIR}/Cartography/Cartography.framework",
				"${BUILT_PRODUCTS_DIR}/ObjectMapper/ObjectMapper.framework",
				"${BUILT_PRODUCTS_DIR}/RxSwift/RxSwift.framework",
				"${BUILT_PRODUCTS_DIR}/SlackWebAPIKit/SlackWebAPIKit.framework",
			);
			name = "[CP] Embed Pods Frameworks";
			outputPaths = (
				"${TARGET_BUILD_DIR}/${FRAMEWORKS_FOLDER_PATH}/Alamofire.framework",
				"${TARGET_BUILD_DIR}/${FRAMEWORKS_FOLDER_PATH}/AlamofireImage.framework",
				"${TARGET_BUILD_DIR}/${FRAMEWORKS_FOLDER_PATH}/Cartography.framework",
				"${TARGET_BUILD_DIR}/${FRAMEWORKS_FOLDER_PATH}/ObjectMapper.framework",
				"${TARGET_BUILD_DIR}/${FRAMEWORKS_FOLDER_PATH}/RxSwift.framework",
				"${TARGET_BUILD_DIR}/${FRAMEWORKS_FOLDER_PATH}/SlackWebAPIKit.framework",
			);
			runOnlyForDeploymentPostprocessing = 0;
			shellPath = /bin/sh;
			shellScript = "\"${SRCROOT}/Pods/Target Support Files/Pods-Slackfari/Pods-Slackfari-frameworks.sh\"\n";
			showEnvVarsInLog = 0;
		};
		52BAD343AC65E25104BE6465 /* [CP] Check Pods Manifest.lock */ = {
			isa = PBXShellScriptBuildPhase;
			buildActionMask = 2147483647;
			files = (
			);
			inputPaths = (
				"${PODS_PODFILE_DIR_PATH}/Podfile.lock",
				"${PODS_ROOT}/Manifest.lock",
			);
			name = "[CP] Check Pods Manifest.lock";
			outputPaths = (
				"$(DERIVED_FILE_DIR)/Pods-SlackfariUITests-checkManifestLockResult.txt",
			);
			runOnlyForDeploymentPostprocessing = 0;
			shellPath = /bin/sh;
			shellScript = "diff \"${PODS_PODFILE_DIR_PATH}/Podfile.lock\" \"${PODS_ROOT}/Manifest.lock\" > /dev/null\nif [ $? != 0 ] ; then\n    # print error to STDERR\n    echo \"error: The sandbox is not in sync with the Podfile.lock. Run 'pod install' or update your CocoaPods installation.\" >&2\n    exit 1\nfi\n# This output is used by Xcode 'outputs' to avoid re-running this script phase.\necho \"SUCCESS\" > \"${SCRIPT_OUTPUT_FILE_0}\"\n";
			showEnvVarsInLog = 0;
		};
		79593BDB26160FAA3C90BE0E /* [CP] Copy Pods Resources */ = {
			isa = PBXShellScriptBuildPhase;
			buildActionMask = 2147483647;
			files = (
			);
			inputPaths = (
			);
			name = "[CP] Copy Pods Resources";
			outputPaths = (
			);
			runOnlyForDeploymentPostprocessing = 0;
			shellPath = /bin/sh;
			shellScript = "\"${SRCROOT}/Pods/Target Support Files/Pods-SlackfariTests/Pods-SlackfariTests-resources.sh\"\n";
			showEnvVarsInLog = 0;
		};
		A7195B1041284F34FD15F441 /* [CP] Embed Pods Frameworks */ = {
			isa = PBXShellScriptBuildPhase;
			buildActionMask = 2147483647;
			files = (
			);
			inputPaths = (
			);
			name = "[CP] Embed Pods Frameworks";
			outputPaths = (
			);
			runOnlyForDeploymentPostprocessing = 0;
			shellPath = /bin/sh;
			shellScript = "\"${SRCROOT}/Pods/Target Support Files/Pods-SlackfariUITests/Pods-SlackfariUITests-frameworks.sh\"\n";
			showEnvVarsInLog = 0;
		};
		A9D562990192322C7E59D290 /* [CP] Check Pods Manifest.lock */ = {
			isa = PBXShellScriptBuildPhase;
			buildActionMask = 2147483647;
			files = (
			);
			inputPaths = (
				"${PODS_PODFILE_DIR_PATH}/Podfile.lock",
				"${PODS_ROOT}/Manifest.lock",
			);
			name = "[CP] Check Pods Manifest.lock";
			outputPaths = (
				"$(DERIVED_FILE_DIR)/Pods-SlackfariExtension-checkManifestLockResult.txt",
			);
			runOnlyForDeploymentPostprocessing = 0;
			shellPath = /bin/sh;
			shellScript = "diff \"${PODS_PODFILE_DIR_PATH}/Podfile.lock\" \"${PODS_ROOT}/Manifest.lock\" > /dev/null\nif [ $? != 0 ] ; then\n    # print error to STDERR\n    echo \"error: The sandbox is not in sync with the Podfile.lock. Run 'pod install' or update your CocoaPods installation.\" >&2\n    exit 1\nfi\n# This output is used by Xcode 'outputs' to avoid re-running this script phase.\necho \"SUCCESS\" > \"${SCRIPT_OUTPUT_FILE_0}\"\n";
			showEnvVarsInLog = 0;
		};
		C8713ECDFBD4A586416042AA /* [CP] Copy Pods Resources */ = {
			isa = PBXShellScriptBuildPhase;
			buildActionMask = 2147483647;
			files = (
			);
			inputPaths = (
			);
			name = "[CP] Copy Pods Resources";
			outputPaths = (
			);
			runOnlyForDeploymentPostprocessing = 0;
			shellPath = /bin/sh;
			shellScript = "\"${SRCROOT}/Pods/Target Support Files/Pods-SlackfariUITests/Pods-SlackfariUITests-resources.sh\"\n";
			showEnvVarsInLog = 0;
		};
		E66167CD6DD33622B3F72E89 /* [CP] Check Pods Manifest.lock */ = {
			isa = PBXShellScriptBuildPhase;
			buildActionMask = 2147483647;
			files = (
			);
			inputPaths = (
				"${PODS_PODFILE_DIR_PATH}/Podfile.lock",
				"${PODS_ROOT}/Manifest.lock",
			);
			name = "[CP] Check Pods Manifest.lock";
			outputPaths = (
				"$(DERIVED_FILE_DIR)/Pods-SlackfariTests-checkManifestLockResult.txt",
			);
			runOnlyForDeploymentPostprocessing = 0;
			shellPath = /bin/sh;
			shellScript = "diff \"${PODS_PODFILE_DIR_PATH}/Podfile.lock\" \"${PODS_ROOT}/Manifest.lock\" > /dev/null\nif [ $? != 0 ] ; then\n    # print error to STDERR\n    echo \"error: The sandbox is not in sync with the Podfile.lock. Run 'pod install' or update your CocoaPods installation.\" >&2\n    exit 1\nfi\n# This output is used by Xcode 'outputs' to avoid re-running this script phase.\necho \"SUCCESS\" > \"${SCRIPT_OUTPUT_FILE_0}\"\n";
			showEnvVarsInLog = 0;
		};
/* End PBXShellScriptBuildPhase section */

/* Begin PBXSourcesBuildPhase section */
		392759DD1F43692800BF003C /* Sources */ = {
			isa = PBXSourcesBuildPhase;
			buildActionMask = 2147483647;
			files = (
				39CD19831F88F4AB0031C934 /* AppDelegate+Popover.swift in Sources */,
				39CD19861F88F7200031C934 /* HomeView.swift in Sources */,
				39CD19891F88F74D0031C934 /* BaseView.swift in Sources */,
				392759E71F43692800BF003C /* ViewController.swift in Sources */,
				392759E51F43692800BF003C /* AppDelegate.swift in Sources */,
			);
			runOnlyForDeploymentPostprocessing = 0;
		};
		392759EE1F43692800BF003C /* Sources */ = {
			isa = PBXSourcesBuildPhase;
			buildActionMask = 2147483647;
			files = (
				392759F71F43692800BF003C /* SlackfariTests.swift in Sources */,
			);
			runOnlyForDeploymentPostprocessing = 0;
		};
		392759F91F43692800BF003C /* Sources */ = {
			isa = PBXSourcesBuildPhase;
			buildActionMask = 2147483647;
			files = (
				39275A021F43692800BF003C /* SlackfariUITests.swift in Sources */,
			);
			runOnlyForDeploymentPostprocessing = 0;
		};
		39275A0F1F43693300BF003C /* Sources */ = {
			isa = PBXSourcesBuildPhase;
			buildActionMask = 2147483647;
			files = (
				39669EB01F7C1EE70063299C /* SafariExtensionView.swift in Sources */,
				394047861F4A089900133098 /* UserViewModel+User.swift in Sources */,
				39F128CD1F7E480F004A2493 /* AddTeamView.swift in Sources */,
				39FCC6321F4B5E1100B98C31 /* ChannelTableViewAdapter.swift in Sources */,
				394047881F4A08A800133098 /* ChannelViewModel+Channel.swift in Sources */,
				3940477F1F4A074A00133098 /* UserViewModel.swift in Sources */,
				394047831F4A075A00133098 /* GroupViewModel.swift in Sources */,
				39F128CF1F7E4814004A2493 /* TeamCollectionViewItem.swift in Sources */,
				39275A1B1F43693300BF003C /* SafariExtensionHandler.swift in Sources */,
				399D4BC31F5A0987002D7893 /* TeamViewModel+Team.swift in Sources */,
				399D4BC11F5A096B002D7893 /* TeamViewModel.swift in Sources */,
				398DF4771F72FE20007B1649 /* SafariExtensionViewController+AddTeamView.swift in Sources */,
				398B74B01F82C45700879F80 /* TeamModel.swift in Sources */,
				3940478D1F4A17B900133098 /* Channeable.swift in Sources */,
				394F825E1F44E5C500C377C3 /* SafariExtensionViewController.swift in Sources */,
				398B74AC1F82ABBD00879F80 /* BaseView.swift in Sources */,
				394047811F4A075100133098 /* ChannelViewModel.swift in Sources */,
				391476391F5B3FA100DFB2FB /* UserDefaults.swift in Sources */,
				399D4BC61F5A977D002D7893 /* Array+Dictionary.swift in Sources */,
				399D4BC81F5A9932002D7893 /* TeamCollectionViewAdapter.swift in Sources */,
				3940478A1F4A08B300133098 /* GroupViewModel+Group.swift in Sources */,
				39F128D21F7E70BC004A2493 /* Configuration.swift in Sources */,
				398B74B11F82C4AC00879F80 /* SafariExtensionPresenter.swift in Sources */,
				39F128CE1F7E4812004A2493 /* TeamCellView.swift in Sources */,
				391476371F5B3B3D00DFB2FB /* Stylesheet.swift in Sources */,
			);
			runOnlyForDeploymentPostprocessing = 0;
		};
/* End PBXSourcesBuildPhase section */

/* Begin PBXTargetDependency section */
		392759F41F43692800BF003C /* PBXTargetDependency */ = {
			isa = PBXTargetDependency;
			target = 392759E01F43692800BF003C /* Send It - for Slack */;
			targetProxy = 392759F31F43692800BF003C /* PBXContainerItemProxy */;
		};
		392759FF1F43692800BF003C /* PBXTargetDependency */ = {
			isa = PBXTargetDependency;
			target = 392759E01F43692800BF003C /* Send It - for Slack */;
			targetProxy = 392759FE1F43692800BF003C /* PBXContainerItemProxy */;
		};
		39275A271F43693300BF003C /* PBXTargetDependency */ = {
			isa = PBXTargetDependency;
			target = 39275A121F43693300BF003C /* SlackfariExtension */;
			targetProxy = 39275A261F43693300BF003C /* PBXContainerItemProxy */;
		};
/* End PBXTargetDependency section */

/* Begin PBXVariantGroup section */
		392759EA1F43692800BF003C /* Main.storyboard */ = {
			isa = PBXVariantGroup;
			children = (
				392759EB1F43692800BF003C /* Base */,
			);
			name = Main.storyboard;
			sourceTree = "<group>";
		};
/* End PBXVariantGroup section */

/* Begin XCBuildConfiguration section */
		39275A041F43692800BF003C /* Debug */ = {
			isa = XCBuildConfiguration;
			buildSettings = {
				ALWAYS_SEARCH_USER_PATHS = NO;
				CLANG_ANALYZER_NONNULL = YES;
				CLANG_ANALYZER_NUMBER_OBJECT_CONVERSION = YES_AGGRESSIVE;
				CLANG_CXX_LANGUAGE_STANDARD = "gnu++0x";
				CLANG_CXX_LIBRARY = "libc++";
				CLANG_ENABLE_MODULES = YES;
				CLANG_ENABLE_OBJC_ARC = YES;
				CLANG_WARN_BLOCK_CAPTURE_AUTORELEASING = YES;
				CLANG_WARN_BOOL_CONVERSION = YES;
				CLANG_WARN_COMMA = YES;
				CLANG_WARN_CONSTANT_CONVERSION = YES;
				CLANG_WARN_DIRECT_OBJC_ISA_USAGE = YES_ERROR;
				CLANG_WARN_DOCUMENTATION_COMMENTS = YES;
				CLANG_WARN_EMPTY_BODY = YES;
				CLANG_WARN_ENUM_CONVERSION = YES;
				CLANG_WARN_INFINITE_RECURSION = YES;
				CLANG_WARN_INT_CONVERSION = YES;
				CLANG_WARN_NON_LITERAL_NULL_CONVERSION = YES;
				CLANG_WARN_OBJC_LITERAL_CONVERSION = YES;
				CLANG_WARN_OBJC_ROOT_CLASS = YES_ERROR;
				CLANG_WARN_RANGE_LOOP_ANALYSIS = YES;
				CLANG_WARN_STRICT_PROTOTYPES = YES;
				CLANG_WARN_SUSPICIOUS_MOVE = YES;
				CLANG_WARN_UNREACHABLE_CODE = YES;
				CLANG_WARN__DUPLICATE_METHOD_MATCH = YES;
				CODE_SIGN_IDENTITY = "-";
				COPY_PHASE_STRIP = NO;
				DEBUG_INFORMATION_FORMAT = dwarf;
				ENABLE_STRICT_OBJC_MSGSEND = YES;
				ENABLE_TESTABILITY = YES;
				GCC_C_LANGUAGE_STANDARD = gnu99;
				GCC_DYNAMIC_NO_PIC = NO;
				GCC_NO_COMMON_BLOCKS = YES;
				GCC_OPTIMIZATION_LEVEL = 0;
				GCC_PREPROCESSOR_DEFINITIONS = (
					"DEBUG=1",
					"$(inherited)",
				);
				GCC_WARN_64_TO_32_BIT_CONVERSION = YES;
				GCC_WARN_ABOUT_RETURN_TYPE = YES_ERROR;
				GCC_WARN_UNDECLARED_SELECTOR = YES;
				GCC_WARN_UNINITIALIZED_AUTOS = YES_AGGRESSIVE;
				GCC_WARN_UNUSED_FUNCTION = YES;
				GCC_WARN_UNUSED_VARIABLE = YES;
				MACOSX_DEPLOYMENT_TARGET = 10.12;
				MTL_ENABLE_DEBUG_INFO = YES;
				ONLY_ACTIVE_ARCH = YES;
				SDKROOT = macosx;
				SWIFT_ACTIVE_COMPILATION_CONDITIONS = DEBUG;
				SWIFT_OPTIMIZATION_LEVEL = "-Onone";
			};
			name = Debug;
		};
		39275A051F43692800BF003C /* Release */ = {
			isa = XCBuildConfiguration;
			buildSettings = {
				ALWAYS_SEARCH_USER_PATHS = NO;
				CLANG_ANALYZER_NONNULL = YES;
				CLANG_ANALYZER_NUMBER_OBJECT_CONVERSION = YES_AGGRESSIVE;
				CLANG_CXX_LANGUAGE_STANDARD = "gnu++0x";
				CLANG_CXX_LIBRARY = "libc++";
				CLANG_ENABLE_MODULES = YES;
				CLANG_ENABLE_OBJC_ARC = YES;
				CLANG_WARN_BLOCK_CAPTURE_AUTORELEASING = YES;
				CLANG_WARN_BOOL_CONVERSION = YES;
				CLANG_WARN_COMMA = YES;
				CLANG_WARN_CONSTANT_CONVERSION = YES;
				CLANG_WARN_DIRECT_OBJC_ISA_USAGE = YES_ERROR;
				CLANG_WARN_DOCUMENTATION_COMMENTS = YES;
				CLANG_WARN_EMPTY_BODY = YES;
				CLANG_WARN_ENUM_CONVERSION = YES;
				CLANG_WARN_INFINITE_RECURSION = YES;
				CLANG_WARN_INT_CONVERSION = YES;
				CLANG_WARN_NON_LITERAL_NULL_CONVERSION = YES;
				CLANG_WARN_OBJC_LITERAL_CONVERSION = YES;
				CLANG_WARN_OBJC_ROOT_CLASS = YES_ERROR;
				CLANG_WARN_RANGE_LOOP_ANALYSIS = YES;
				CLANG_WARN_STRICT_PROTOTYPES = YES;
				CLANG_WARN_SUSPICIOUS_MOVE = YES;
				CLANG_WARN_UNREACHABLE_CODE = YES;
				CLANG_WARN__DUPLICATE_METHOD_MATCH = YES;
				CODE_SIGN_IDENTITY = "-";
				COPY_PHASE_STRIP = NO;
				DEBUG_INFORMATION_FORMAT = "dwarf-with-dsym";
				ENABLE_NS_ASSERTIONS = NO;
				ENABLE_STRICT_OBJC_MSGSEND = YES;
				GCC_C_LANGUAGE_STANDARD = gnu99;
				GCC_NO_COMMON_BLOCKS = YES;
				GCC_WARN_64_TO_32_BIT_CONVERSION = YES;
				GCC_WARN_ABOUT_RETURN_TYPE = YES_ERROR;
				GCC_WARN_UNDECLARED_SELECTOR = YES;
				GCC_WARN_UNINITIALIZED_AUTOS = YES_AGGRESSIVE;
				GCC_WARN_UNUSED_FUNCTION = YES;
				GCC_WARN_UNUSED_VARIABLE = YES;
				MACOSX_DEPLOYMENT_TARGET = 10.12;
				MTL_ENABLE_DEBUG_INFO = NO;
				SDKROOT = macosx;
				SWIFT_OPTIMIZATION_LEVEL = "-Owholemodule";
			};
			name = Release;
		};
		39275A071F43692800BF003C /* Debug */ = {
			isa = XCBuildConfiguration;
			baseConfigurationReference = AE586EB152FF9F458F89B7D6 /* Pods-Slackfari.debug.xcconfig */;
			buildSettings = {
				ALWAYS_EMBED_SWIFT_STANDARD_LIBRARIES = YES;
				ASSETCATALOG_COMPILER_APPICON_NAME = AppIcon;
				CODE_SIGN_ENTITLEMENTS = Slackfari/Slackfari.entitlements;
				CODE_SIGN_IDENTITY = "Mac Developer";
				COMBINE_HIDPI_IMAGES = YES;
				DEVELOPMENT_TEAM = 9MWQQ54CZQ;
				INFOPLIST_FILE = Slackfari/Info.plist;
				LD_RUNPATH_SEARCH_PATHS = "$(inherited) @executable_path/../Frameworks";
				PRODUCT_BUNDLE_IDENTIFIER = com.albertomoral.Slackfari;
				PRODUCT_NAME = "$(TARGET_NAME)";
				PROVISIONING_PROFILE_SPECIFIER = "";
				SWIFT_VERSION = 3.0;
			};
			name = Debug;
		};
		39275A081F43692800BF003C /* Release */ = {
			isa = XCBuildConfiguration;
			baseConfigurationReference = 580D57991675FB42EA12B22F /* Pods-Slackfari.release.xcconfig */;
			buildSettings = {
				ALWAYS_EMBED_SWIFT_STANDARD_LIBRARIES = YES;
				ASSETCATALOG_COMPILER_APPICON_NAME = AppIcon;
				CODE_SIGN_ENTITLEMENTS = Slackfari/Slackfari.entitlements;
				CODE_SIGN_IDENTITY = "Mac Developer";
				COMBINE_HIDPI_IMAGES = YES;
				DEVELOPMENT_TEAM = 9MWQQ54CZQ;
				INFOPLIST_FILE = Slackfari/Info.plist;
				LD_RUNPATH_SEARCH_PATHS = "$(inherited) @executable_path/../Frameworks";
				PRODUCT_BUNDLE_IDENTIFIER = com.albertomoral.Slackfari;
				PRODUCT_NAME = "$(TARGET_NAME)";
				PROVISIONING_PROFILE_SPECIFIER = "";
				SWIFT_VERSION = 3.0;
			};
			name = Release;
		};
		39275A0A1F43692800BF003C /* Debug */ = {
			isa = XCBuildConfiguration;
			baseConfigurationReference = F44322AE79C2ADA9E183069A /* Pods-SlackfariTests.debug.xcconfig */;
			buildSettings = {
				ALWAYS_EMBED_SWIFT_STANDARD_LIBRARIES = YES;
				BUNDLE_LOADER = "$(TEST_HOST)";
				COMBINE_HIDPI_IMAGES = YES;
				DEVELOPMENT_TEAM = 9MWQQ54CZQ;
				INFOPLIST_FILE = SlackfariTests/Info.plist;
				LD_RUNPATH_SEARCH_PATHS = "$(inherited) @executable_path/../Frameworks @loader_path/../Frameworks";
				PRODUCT_BUNDLE_IDENTIFIER = com.albertomoral.SlackfariTests;
				PRODUCT_NAME = "$(TARGET_NAME)";
				SWIFT_VERSION = 3.0;
				TEST_HOST = "$(BUILT_PRODUCTS_DIR)/Slackfari.app/Contents/MacOS/Slackfari";
			};
			name = Debug;
		};
		39275A0B1F43692800BF003C /* Release */ = {
			isa = XCBuildConfiguration;
			baseConfigurationReference = 823AA130A050AB03C7DE2F58 /* Pods-SlackfariTests.release.xcconfig */;
			buildSettings = {
				ALWAYS_EMBED_SWIFT_STANDARD_LIBRARIES = YES;
				BUNDLE_LOADER = "$(TEST_HOST)";
				COMBINE_HIDPI_IMAGES = YES;
				DEVELOPMENT_TEAM = 9MWQQ54CZQ;
				INFOPLIST_FILE = SlackfariTests/Info.plist;
				LD_RUNPATH_SEARCH_PATHS = "$(inherited) @executable_path/../Frameworks @loader_path/../Frameworks";
				PRODUCT_BUNDLE_IDENTIFIER = com.albertomoral.SlackfariTests;
				PRODUCT_NAME = "$(TARGET_NAME)";
				SWIFT_VERSION = 3.0;
				TEST_HOST = "$(BUILT_PRODUCTS_DIR)/Slackfari.app/Contents/MacOS/Slackfari";
			};
			name = Release;
		};
		39275A0D1F43692800BF003C /* Debug */ = {
			isa = XCBuildConfiguration;
			baseConfigurationReference = 5932746A3300289464BE5D52 /* Pods-SlackfariUITests.debug.xcconfig */;
			buildSettings = {
				ALWAYS_EMBED_SWIFT_STANDARD_LIBRARIES = YES;
				COMBINE_HIDPI_IMAGES = YES;
				DEVELOPMENT_TEAM = 9MWQQ54CZQ;
				INFOPLIST_FILE = SlackfariUITests/Info.plist;
				LD_RUNPATH_SEARCH_PATHS = "$(inherited) @executable_path/../Frameworks @loader_path/../Frameworks";
				PRODUCT_BUNDLE_IDENTIFIER = com.albertomoral.SlackfariUITests;
				PRODUCT_NAME = "$(TARGET_NAME)";
				SWIFT_VERSION = 3.0;
				TEST_TARGET_NAME = Slackfari;
			};
			name = Debug;
		};
		39275A0E1F43692800BF003C /* Release */ = {
			isa = XCBuildConfiguration;
			baseConfigurationReference = 9CDB78A056BED05FA181815A /* Pods-SlackfariUITests.release.xcconfig */;
			buildSettings = {
				ALWAYS_EMBED_SWIFT_STANDARD_LIBRARIES = YES;
				COMBINE_HIDPI_IMAGES = YES;
				DEVELOPMENT_TEAM = 9MWQQ54CZQ;
				INFOPLIST_FILE = SlackfariUITests/Info.plist;
				LD_RUNPATH_SEARCH_PATHS = "$(inherited) @executable_path/../Frameworks @loader_path/../Frameworks";
				PRODUCT_BUNDLE_IDENTIFIER = com.albertomoral.SlackfariUITests;
				PRODUCT_NAME = "$(TARGET_NAME)";
				SWIFT_VERSION = 3.0;
				TEST_TARGET_NAME = Slackfari;
			};
			name = Release;
		};
		39275A2A1F43693300BF003C /* Debug */ = {
			isa = XCBuildConfiguration;
			baseConfigurationReference = C0DC11AC3C4FC3369D2C50F1 /* Pods-SlackfariExtension.debug.xcconfig */;
			buildSettings = {
				ALWAYS_EMBED_SWIFT_STANDARD_LIBRARIES = YES;
				CODE_SIGN_ENTITLEMENTS = SlackfariExtension/SlackfariExtension.entitlements;
				CODE_SIGN_IDENTITY = "Mac Developer";
				DEVELOPMENT_TEAM = 9MWQQ54CZQ;
				INFOPLIST_FILE = SlackfariExtension/Info.plist;
				LD_RUNPATH_SEARCH_PATHS = "$(inherited) @executable_path/../Frameworks @executable_path/../../../../Frameworks";
				PRODUCT_BUNDLE_IDENTIFIER = com.albertomoral.Slackfari.SlackfariExtension;
				PRODUCT_NAME = "$(TARGET_NAME)";
				PROVISIONING_PROFILE_SPECIFIER = "";
				SKIP_INSTALL = YES;
				SWIFT_VERSION = 3.0;
			};
			name = Debug;
		};
		39275A2B1F43693300BF003C /* Release */ = {
			isa = XCBuildConfiguration;
			baseConfigurationReference = AD79FD7B04B7D9401DBBF8BD /* Pods-SlackfariExtension.release.xcconfig */;
			buildSettings = {
				ALWAYS_EMBED_SWIFT_STANDARD_LIBRARIES = YES;
				CODE_SIGN_ENTITLEMENTS = SlackfariExtension/SlackfariExtension.entitlements;
				CODE_SIGN_IDENTITY = "Mac Developer";
				DEVELOPMENT_TEAM = 9MWQQ54CZQ;
				INFOPLIST_FILE = SlackfariExtension/Info.plist;
				LD_RUNPATH_SEARCH_PATHS = "$(inherited) @executable_path/../Frameworks @executable_path/../../../../Frameworks";
				PRODUCT_BUNDLE_IDENTIFIER = com.albertomoral.Slackfari.SlackfariExtension;
				PRODUCT_NAME = "$(TARGET_NAME)";
				PROVISIONING_PROFILE_SPECIFIER = "";
				SKIP_INSTALL = YES;
				SWIFT_VERSION = 3.0;
			};
			name = Release;
		};
/* End XCBuildConfiguration section */

/* Begin XCConfigurationList section */
		392759DC1F43692800BF003C /* Build configuration list for PBXProject "Slackfari" */ = {
			isa = XCConfigurationList;
			buildConfigurations = (
				39275A041F43692800BF003C /* Debug */,
				39275A051F43692800BF003C /* Release */,
			);
			defaultConfigurationIsVisible = 0;
			defaultConfigurationName = Release;
		};
		39275A061F43692800BF003C /* Build configuration list for PBXNativeTarget "Send It - for Slack" */ = {
			isa = XCConfigurationList;
			buildConfigurations = (
				39275A071F43692800BF003C /* Debug */,
				39275A081F43692800BF003C /* Release */,
			);
			defaultConfigurationIsVisible = 0;
			defaultConfigurationName = Release;
		};
		39275A091F43692800BF003C /* Build configuration list for PBXNativeTarget "SlackfariTests" */ = {
			isa = XCConfigurationList;
			buildConfigurations = (
				39275A0A1F43692800BF003C /* Debug */,
				39275A0B1F43692800BF003C /* Release */,
			);
			defaultConfigurationIsVisible = 0;
			defaultConfigurationName = Release;
		};
		39275A0C1F43692800BF003C /* Build configuration list for PBXNativeTarget "SlackfariUITests" */ = {
			isa = XCConfigurationList;
			buildConfigurations = (
				39275A0D1F43692800BF003C /* Debug */,
				39275A0E1F43692800BF003C /* Release */,
			);
			defaultConfigurationIsVisible = 0;
			defaultConfigurationName = Release;
		};
		39275A291F43693300BF003C /* Build configuration list for PBXNativeTarget "SlackfariExtension" */ = {
			isa = XCConfigurationList;
			buildConfigurations = (
				39275A2A1F43693300BF003C /* Debug */,
				39275A2B1F43693300BF003C /* Release */,
			);
			defaultConfigurationIsVisible = 0;
			defaultConfigurationName = Release;
		};
/* End XCConfigurationList section */
	};
	rootObject = 392759D91F43692800BF003C /* Project object */;
}
